
Microsoft Visual Studio Solution File, Format Version 12.00
# Visual Studio Version 16
VisualStudioVersion = 16.0.30413.136
MinimumVisualStudioVersion = 10.0.40219.1
Project("{8BC9CEB8-8B4A-11D0-8D11-00A0C91BC942}") = "MotionServer", "MotionServer.vcxproj", "{A8653661-F174-4ACF-B1D3-8285BE077D49}"
EndProject
Global
	GlobalSection(SolutionConfigurationPlatforms) = preSolution
		Debug|x64 = Debug|x64
		Release|x64 = Release|x64
	EndGlobalSection
	GlobalSection(ProjectConfigurationPlatforms) = postSolution
		{A8653661-F174-4ACF-B1D3-8285BE077D49}.Debug|x64.ActiveCfg = Debug|x64
		{A8653661-F174-4ACF-B1D3-8285BE077D49}.Debug|x64.Build.0 = Debug|x64
		{A8653661-F174-4ACF-B1D3-8285BE077D49}.Release|x64.ActiveCfg = Release|x64
		{A8653661-F174-4ACF-B1D3-8285BE077D49}.Release|x64.Build.0 = Release|x64
	EndGlobalSection
	GlobalSection(SolutionProperties) = preSolution
		HideSolutionNode = FALSE
	EndGlobalSection
	GlobalSection(ExtensibilityGlobals) = postSolution
		SolutionGuid = {2C2B5B78-318E-4EEF-84BF-78A72D67B44A}
	EndGlobalSection
EndGlobal
