<?xml version="1.0" encoding="utf-8"?>
<Project ToolsVersion="4.0" xmlns="http://schemas.microsoft.com/developer/msbuild/2003">
  <ItemGroup>
    <Filter Include="Source Files">
      <UniqueIdentifier>{4FC737F1-C7A5-4376-A066-2A32D752A2FF}</UniqueIdentifier>
      <Extensions>cpp;c;cc;cxx;def;odl;idl;hpj;bat;asm;asmx</Extensions>
    </Filter>
    <Filter Include="Header Files">
      <UniqueIdentifier>{93995380-89BD-4b04-88EB-625FBE52EBFB}</UniqueIdentifier>
      <Extensions>h;hh;hpp;hxx;hm;inl;inc;xsd</Extensions>
    </Filter>
  </ItemGroup>
  <ItemGroup>
    <ClInclude Include="src\Config.h">
      <Filter>Header Files</Filter>
    </ClInclude>
    <ClInclude Include="src\Converter.h">
      <Filter>Header Files</Filter>
    </ClInclude>
    <ClInclude Include="src\MoCapCortex.h">
      <Filter>Header Files</Filter>
    </ClInclude>
    <ClInclude Include="src\MoCapData.h">
      <Filter>Header Files</Filter>
    </ClInclude>
    <ClInclude Include="src\MoCapSimulator.h">
      <Filter>Header Files</Filter>
    </ClInclude>
    <ClInclude Include="src\MoCapSystem.h">
      <Filter>Header Files</Filter>
    </ClInclude>
    <ClInclude Include="src\SerialPort.h">
      <Filter>Header Files</Filter>
    </ClInclude>
    <ClInclude Include="src\VectorMath.h">
      <Filter>Header Files</Filter>
    </ClInclude>
    <ClInclude Include="src\Logging.h">
      <Filter>Header Files</Filter>
    </ClInclude>
    <ClInclude Include="include\Cortex.h">
      <Filter>Header Files</Filter>
    </ClInclude>
    <ClInclude Include="include\NatNetServer.h">
      <Filter>Header Files</Filter>
    </ClInclude>
    <ClInclude Include="include\NatNetTypes.h">
      <Filter>Header Files</Filter>
    </ClInclude>
    <ClInclude Include="src\XBeePacket.h">
      <Filter>Header Files</Filter>
    </ClInclude>
    <ClInclude Include="src\XBeeDevice.h">
      <Filter>Header Files</Filter>
    </ClInclude>
    <ClInclude Include="src\XBeeData.h">
      <Filter>Header Files</Filter>
    </ClInclude>
    <ClInclude Include="src\InteractionSystem.h">
      <Filter>Header Files</Filter>
    </ClInclude>
  </ItemGroup>
  <ItemGroup>
    <ClCompile Include="src\Converter.cpp">
      <Filter>Source Files</Filter>
    </ClCompile>
    <ClCompile Include="src\Logging.cpp">
      <Filter>Source Files</Filter>
    </ClCompile>
    <ClCompile Include="src\MoCapCortex.cpp">
      <Filter>Source Files</Filter>
    </ClCompile>
    <ClCompile Include="src\MoCapData.cpp">
      <Filter>Source Files</Filter>
    </ClCompile>
    <ClCompile Include="src\MoCapSimulator.cpp">
      <Filter>Source Files</Filter>
    </ClCompile>
    <ClCompile Include="src\MotionServerMain.cpp">
      <Filter>Source Files</Filter>
    </ClCompile>
    <ClCompile Include="src\SerialPort.cpp">
      <Filter>Source Files</Filter>
    </ClCompile>
    <ClCompile Include="src\XBeePacket.cpp">
      <Filter>Source Files</Filter>
    </ClCompile>
    <ClCompile Include="src\XBeeDevice.cpp">
      <Filter>Source Files</Filter>
    </ClCompile>
    <ClCompile Include="src\XBeeData.cpp">
      <Filter>Source Files</Filter>
    </ClCompile>
    <ClCompile Include="src\InteractionSystem.cpp">
      <Filter>Source Files</Filter>
    </ClCompile>
  </ItemGroup>
</Project>